// !$*UTF8*$!
{
	archiveVersion = 1;
	classes = {
	};
	objectVersion = 56;
	objects = {

/* Begin PBXBuildFile section */
		0174F791D4D85ED2C4C2ED27 /* DayView.swift in Sources */ = {isa = PBXBuildFile; fileRef = 1F16350C79D9A6CF9EEFAA7E /* DayView.swift */; };
		08301902BD5369E69755AFC5 /* MaxTrackerView.swift in Sources */ = {isa = PBXBuildFile; fileRef = 5D3679FC4EC6C6C254F20608 /* MaxTrackerView.swift */; };
		0CDB48C2044CECDC7B4E2FCD /* TimerView.swift in Sources */ = {isa = PBXBuildFile; fileRef = 0B24305B560A73601C260876 /* TimerView.swift */; };
		17A7CBF63CC981574A4C8A90 /* SettingsView.swift in Sources */ = {isa = PBXBuildFile; fileRef = F84529FB880CE4EDE6543683 /* SettingsView.swift */; };
		2DEC39CBA90CAED273D4108C /* Routes.swift in Sources */ = {isa = PBXBuildFile; fileRef = FFC7D806D354B5804826BAB7 /* Routes.swift */; };
		2FE68272D835D4BF40C5DE69 /* HistoryView.swift in Sources */ = {isa = PBXBuildFile; fileRef = 3B25C3D22FDD37E3F7DB2DCF /* HistoryView.swift */; };
		37BFB51655DF5C692BFD42E0 /* ProgramsView.swift in Sources */ = {isa = PBXBuildFile; fileRef = BE3B6863A86BB9A4FF4C8C0F /* ProgramsView.swift */; };
		52758D5BF0D4193661DFCD68 /* ExerciseDetailView.swift in Sources */ = {isa = PBXBuildFile; fileRef = 1587F1AA0662639036EEEE32 /* ExerciseDetailView.swift */; };
		5C5C9119207350DB7BCEFB42 /* NutritionView.swift in Sources */ = {isa = PBXBuildFile; fileRef = 3D92AB05638F928E9E37C515 /* NutritionView.swift */; };
		6EA1947B79A277EABB91C7A0 /* RootView.swift in Sources */ = {isa = PBXBuildFile; fileRef = 43FBEA3E50D51B4CF22BA468 /* RootView.swift */; };
		796ABC8931942E52947A56A7 /* ActiveWorkoutSummary.swift in Sources */ = {isa = PBXBuildFile; fileRef = B0B653F979521E60CB3810C0 /* ActiveWorkoutSummary.swift */; };
		9C79DCDA3D62B8CE46524489 /* PeopleView.swift in Sources */ = {isa = PBXBuildFile; fileRef = 95F991D60A58FBB8278E47D2 /* PeopleView.swift */; };
		A2250C1A2FE0E17800076C9D /* ProgramHistoryView.swift in Sources */ = {isa = PBXBuildFile; fileRef = A2250C192FE0E17800076C9D /* ProgramHistoryView.swift */; };
		AA0001 /* NextRepApp.swift in Sources */ = {isa = PBXBuildFile; fileRef = AA0002 /* NextRepApp.swift */; };
		AA0003 /* ContentView.swift in Sources */ = {isa = PBXBuildFile; fileRef = AA0004 /* ContentView.swift */; };
		AA0015 /* Exercise.swift in Sources */ = {isa = PBXBuildFile; fileRef = AA0016 /* Exercise.swift */; };
		AA0017 /* PlannedExercise.swift in Sources */ = {isa = PBXBuildFile; fileRef = AA0018 /* PlannedExercise.swift */; };
		AA0019 /* ProgramDay.swift in Sources */ = {isa = PBXBuildFile; fileRef = AA0020 /* ProgramDay.swift */; };
		AA0021 /* Program.swift in Sources */ = {isa = PBXBuildFile; fileRef = AA0022 /* Program.swift */; };
		AA0023 /* SetLog.swift in Sources */ = {isa = PBXBuildFile; fileRef = AA0024 /* SetLog.swift */; };
		AA0025 /* ActiveWorkout.swift in Sources */ = {isa = PBXBuildFile; fileRef = AA0026 /* ActiveWorkout.swift */; };
		AA0027 /* AppData.swift in Sources */ = {isa = PBXBuildFile; fileRef = AA0028 /* AppData.swift */; };
		AA0029 /* User.swift in Sources */ = {isa = PBXBuildFile; fileRef = AA0030 /* User.swift */; };
		AA0031 /* LoginRequest.swift in Sources */ = {isa = PBXBuildFile; fileRef = AA0032 /* LoginRequest.swift */; };
		AA0033 /* KeychainStore.swift in Sources */ = {isa = PBXBuildFile; fileRef = AA0034 /* KeychainStore.swift */; };
		AA0035 /* APIClient.swift in Sources */ = {isa = PBXBuildFile; fileRef = AA0036 /* APIClient.swift */; };
		AA0044 /* Theme.swift in Sources */ = {isa = PBXBuildFile; fileRef = AA0045 /* Theme.swift */; };
		AA0046 /* Utils.swift in Sources */ = {isa = PBXBuildFile; fileRef = AA0047 /* Utils.swift */; };
		AA0048 /* AppStore.swift in Sources */ = {isa = PBXBuildFile; fileRef = AA0049 /* AppStore.swift */; };
		AA0053 /* Catalog.swift in Sources */ = {isa = PBXBuildFile; fileRef = AA0054 /* Catalog.swift */; };
		AA0057 /* ProgramDetailView.swift in Sources */ = {isa = PBXBuildFile; fileRef = AA0058 /* ProgramDetailView.swift */; };
		AA0065 /* AuthView.swift in Sources */ = {isa = PBXBuildFile; fileRef = AA0066 /* AuthView.swift */; };
		CAF7FA5DD2C2287C8384DD82 /* ActiveWorkoutView.swift in Sources */ = {isa = PBXBuildFile; fileRef = BFA7731E2492D12B1B1D4E78 /* ActiveWorkoutView.swift */; };
		CBC1C04F1E36F02F5058A5D5 /* DashboardView.swift in Sources */ = {isa = PBXBuildFile; fileRef = BCCA5592D192A01E00443533 /* DashboardView.swift */; };
		E7889BE66B67D65637AC0812 /* ProgressView.swift in Sources */ = {isa = PBXBuildFile; fileRef = 167BB5B90F7C484BF70CF25D /* ProgressView.swift */; };
/* End PBXBuildFile section */

/* Begin PBXFileReference section */
		0B24305B560A73601C260876 /* TimerView.swift */ = {isa = PBXFileReference; includeInIndex = 1; lastKnownFileType = sourcecode.swift; name = TimerView.swift; path = NextRepApp/Views/TimerView.swift; sourceTree = "<group>"; };
		1587F1AA0662639036EEEE32 /* ExerciseDetailView.swift */ = {isa = PBXFileReference; includeInIndex = 1; lastKnownFileType = sourcecode.swift; name = ExerciseDetailView.swift; path = NextRepApp/Views/ExerciseDetailView.swift; sourceTree = "<group>"; };
		167BB5B90F7C484BF70CF25D /* ProgressView.swift */ = {isa = PBXFileReference; includeInIndex = 1; lastKnownFileType = sourcecode.swift; name = ProgressView.swift; path = NextRepApp/Views/ProgressView.swift; sourceTree = "<group>"; };
		1F16350C79D9A6CF9EEFAA7E /* DayView.swift */ = {isa = PBXFileReference; includeInIndex = 1; lastKnownFileType = sourcecode.swift; name = DayView.swift; path = NextRepApp/Views/DayView.swift; sourceTree = "<group>"; };
		3B25C3D22FDD37E3F7DB2DCF /* HistoryView.swift */ = {isa = PBXFileReference; includeInIndex = 1; lastKnownFileType = sourcecode.swift; name = HistoryView.swift; path = NextRepApp/Views/HistoryView.swift; sourceTree = "<group>"; };
		3D92AB05638F928E9E37C515 /* NutritionView.swift */ = {isa = PBXFileReference; includeInIndex = 1; lastKnownFileType = sourcecode.swift; name = NutritionView.swift; path = NextRepApp/Views/NutritionView.swift; sourceTree = "<group>"; };
		43FBEA3E50D51B4CF22BA468 /* RootView.swift */ = {isa = PBXFileReference; includeInIndex = 1; lastKnownFileType = sourcecode.swift; name = RootView.swift; path = NextRepApp/Views/RootView.swift; sourceTree = "<group>"; };
		5D3679FC4EC6C6C254F20608 /* MaxTrackerView.swift */ = {isa = PBXFileReference; includeInIndex = 1; lastKnownFileType = sourcecode.swift; name = MaxTrackerView.swift; path = NextRepApp/Views/MaxTrackerView.swift; sourceTree = "<group>"; };
		95F991D60A58FBB8278E47D2 /* PeopleView.swift */ = {isa = PBXFileReference; includeInIndex = 1; lastKnownFileType = sourcecode.swift; name = PeopleView.swift; path = NextRepApp/Views/PeopleView.swift; sourceTree = "<group>"; };
		A2250C192FE0E17800076C9D /* ProgramHistoryView.swift */ = {isa = PBXFileReference; lastKnownFileType = sourcecode.swift; path = ProgramHistoryView.swift; sourceTree = "<group>"; };
		AA0002 /* NextRepApp.swift */ = {isa = PBXFileReference; lastKnownFileType = sourcecode.swift; path = NextRepApp.swift; sourceTree = "<group>"; };
		AA0004 /* ContentView.swift */ = {isa = PBXFileReference; lastKnownFileType = sourcecode.swift; path = ContentView.swift; sourceTree = "<group>"; };
		AA0005 /* Info.plist */ = {isa = PBXFileReference; lastKnownFileType = text.plist.xml; path = Info.plist; sourceTree = "<group>"; };
		AA0006 /* NextRepApp.app */ = {isa = PBXFileReference; explicitFileType = wrapper.application; includeInIndex = 0; path = NextRepApp.app; sourceTree = BUILT_PRODUCTS_DIR; };
		AA0016 /* Exercise.swift */ = {isa = PBXFileReference; lastKnownFileType = sourcecode.swift; path = Exercise.swift; sourceTree = "<group>"; };
		AA0018 /* PlannedExercise.swift */ = {isa = PBXFileReference; lastKnownFileType = sourcecode.swift; path = PlannedExercise.swift; sourceTree = "<group>"; };
		AA0020 /* ProgramDay.swift */ = {isa = PBXFileReference; lastKnownFileType = sourcecode.swift; path = ProgramDay.swift; sourceTree = "<group>"; };
		AA0022 /* Program.swift */ = {isa = PBXFileReference; lastKnownFileType = sourcecode.swift; path = Program.swift; sourceTree = "<group>"; };
		AA0024 /* SetLog.swift */ = {isa = PBXFileReference; lastKnownFileType = sourcecode.swift; path = SetLog.swift; sourceTree = "<group>"; };
		AA0026 /* ActiveWorkout.swift */ = {isa = PBXFileReference; lastKnownFileType = sourcecode.swift; path = ActiveWorkout.swift; sourceTree = "<group>"; };
		AA0028 /* AppData.swift */ = {isa = PBXFileReference; lastKnownFileType = sourcecode.swift; path = AppData.swift; sourceTree = "<group>"; };
		AA0030 /* User.swift */ = {isa = PBXFileReference; lastKnownFileType = sourcecode.swift; path = User.swift; sourceTree = "<group>"; };
		AA0032 /* LoginRequest.swift */ = {isa = PBXFileReference; lastKnownFileType = sourcecode.swift; path = LoginRequest.swift; sourceTree = "<group>"; };
		AA0034 /* KeychainStore.swift */ = {isa = PBXFileReference; lastKnownFileType = sourcecode.swift; path = KeychainStore.swift; sourceTree = "<group>"; };
		AA0036 /* APIClient.swift */ = {isa = PBXFileReference; lastKnownFileType = sourcecode.swift; path = APIClient.swift; sourceTree = "<group>"; };
		AA0045 /* Theme.swift */ = {isa = PBXFileReference; lastKnownFileType = sourcecode.swift; path = NextRepApp/Theme.swift; sourceTree = SOURCE_ROOT; };
		AA0047 /* Utils.swift */ = {isa = PBXFileReference; lastKnownFileType = sourcecode.swift; path = NextRepApp/Utils.swift; sourceTree = SOURCE_ROOT; };
		AA0049 /* AppStore.swift */ = {isa = PBXFileReference; lastKnownFileType = sourcecode.swift; path = NextRepApp/Store/AppStore.swift; sourceTree = SOURCE_ROOT; };
		AA0054 /* Catalog.swift */ = {isa = PBXFileReference; lastKnownFileType = sourcecode.swift; path = NextRepApp/Models/Catalog.swift; sourceTree = SOURCE_ROOT; };
		AA0058 /* ProgramDetailView.swift */ = {isa = PBXFileReference; lastKnownFileType = sourcecode.swift; path = NextRepApp/Views/ProgramDetailView.swift; sourceTree = SOURCE_ROOT; };
		AA0066 /* AuthView.swift */ = {isa = PBXFileReference; lastKnownFileType = sourcecode.swift; path = NextRepApp/Views/AuthView.swift; sourceTree = SOURCE_ROOT; };
		B0B653F979521E60CB3810C0 /* ActiveWorkoutSummary.swift */ = {isa = PBXFileReference; includeInIndex = 1; lastKnownFileType = sourcecode.swift; name = ActiveWorkoutSummary.swift; path = NextRepApp/Models/ActiveWorkoutSummary.swift; sourceTree = SOURCE_ROOT; };
		BCCA5592D192A01E00443533 /* DashboardView.swift */ = {isa = PBXFileReference; includeInIndex = 1; lastKnownFileType = sourcecode.swift; name = DashboardView.swift; path = NextRepApp/Views/DashboardView.swift; sourceTree = "<group>"; };
		BE3B6863A86BB9A4FF4C8C0F /* ProgramsView.swift */ = {isa = PBXFileReference; includeInIndex = 1; lastKnownFileType = sourcecode.swift; name = ProgramsView.swift; path = NextRepApp/Views/ProgramsView.swift; sourceTree = "<group>"; };
		BFA7731E2492D12B1B1D4E78 /* ActiveWorkoutView.swift */ = {isa = PBXFileReference; includeInIndex = 1; lastKnownFileType = sourcecode.swift; name = ActiveWorkoutView.swift; path = NextRepApp/Views/ActiveWorkoutView.swift; sourceTree = SOURCE_ROOT; };
		F84529FB880CE4EDE6543683 /* SettingsView.swift */ = {isa = PBXFileReference; includeInIndex = 1; lastKnownFileType = sourcecode.swift; name = SettingsView.swift; path = NextRepApp/Views/SettingsView.swift; sourceTree = "<group>"; };
		FFC7D806D354B5804826BAB7 /* Routes.swift */ = {isa = PBXFileReference; includeInIndex = 1; lastKnownFileType = sourcecode.swift; name = Routes.swift; path = NextRepApp/Models/Routes.swift; sourceTree = "<group>"; };
/* End PBXFileReference section */

/* Begin PBXFrameworksBuildPhase section */
		AA0007 /* Frameworks */ = {
			isa = PBXFrameworksBuildPhase;
			buildActionMask = 2147483647;
			files = (
			);
			runOnlyForDeploymentPostprocessing = 0;
		};
/* End PBXFrameworksBuildPhase section */

/* Begin PBXGroup section */
		AA0008 = {
			isa = PBXGroup;
			children = (
				AA0009 /* NextRepApp */,
				AA000A /* Products */,
				FFC7D806D354B5804826BAB7 /* Routes.swift */,
				3D92AB05638F928E9E37C515 /* NutritionView.swift */,
				BCCA5592D192A01E00443533 /* DashboardView.swift */,
				F84529FB880CE4EDE6543683 /* SettingsView.swift */,
				167BB5B90F7C484BF70CF25D /* ProgressView.swift */,
				0B24305B560A73601C260876 /* TimerView.swift */,
				95F991D60A58FBB8278E47D2 /* PeopleView.swift */,
				43FBEA3E50D51B4CF22BA468 /* RootView.swift */,
				5D3679FC4EC6C6C254F20608 /* MaxTrackerView.swift */,
				1587F1AA0662639036EEEE32 /* ExerciseDetailView.swift */,
				BE3B6863A86BB9A4FF4C8C0F /* ProgramsView.swift */,
				3B25C3D22FDD37E3F7DB2DCF /* HistoryView.swift */,
				1F16350C79D9A6CF9EEFAA7E /* DayView.swift */,
			);
			sourceTree = "<group>";
		};
		AA0009 /* NextRepApp */ = {
			isa = PBXGroup;
			children = (
				AA0002 /* NextRepApp.swift */,
				AA0004 /* ContentView.swift */,
				AA0045 /* Theme.swift */,
				AA0047 /* Utils.swift */,
				AA0041 /* Models */,
				AA0042 /* Services */,
				AA0050 /* Store */,
				AA0043 /* Views */,
				AA0005 /* Info.plist */,
			);
			path = NextRepApp;
			sourceTree = "<group>";
		};
		AA000A /* Products */ = {
			isa = PBXGroup;
			children = (
				AA0006 /* NextRepApp.app */,
			);
			name = Products;
			sourceTree = "<group>";
		};
		AA0041 /* Models */ = {
			isa = PBXGroup;
			children = (
				AA0016 /* Exercise.swift */,
				AA0018 /* PlannedExercise.swift */,
				AA0020 /* ProgramDay.swift */,
				AA0022 /* Program.swift */,
				AA0024 /* SetLog.swift */,
				AA0026 /* ActiveWorkout.swift */,
				AA0028 /* AppData.swift */,
				AA0030 /* User.swift */,
				AA0032 /* LoginRequest.swift */,
				AA0054 /* Catalog.swift */,
				B0B653F979521E60CB3810C0 /* ActiveWorkoutSummary.swift */,
			);
			path = Models;
			sourceTree = "<group>";
		};
		AA0042 /* Services */ = {
			isa = PBXGroup;
			children = (
				AA0034 /* KeychainStore.swift */,
				AA0036 /* APIClient.swift */,
			);
			path = Services;
			sourceTree = "<group>";
		};
		AA0043 /* Views */ = {
			isa = PBXGroup;
			children = (
				A2250C192FE0E17800076C9D /* ProgramHistoryView.swift */,
				AA0066 /* AuthView.swift */,
				AA0058 /* ProgramDetailView.swift */,
				BFA7731E2492D12B1B1D4E78 /* ActiveWorkoutView.swift */,
			);
			path = Views;
			sourceTree = "<group>";
		};
		AA0050 /* Store */ = {
			isa = PBXGroup;
			children = (
				AA0049 /* AppStore.swift */,
			);
			path = Store;
			sourceTree = "<group>";
		};
/* End PBXGroup section */

/* Begin PBXNativeTarget section */
		AA000B /* NextRepApp */ = {
			isa = PBXNativeTarget;
			buildConfigurationList = AA000C /* Build configuration list for PBXNativeTarget "NextRepApp" */;
			buildPhases = (
				AA000D /* Sources */,
				AA0007 /* Frameworks */,
				AA000E /* Resources */,
			);
			buildRules = (
			);
			dependencies = (
			);
			name = NextRepApp;
			productName = NextRepApp;
			productReference = AA0006 /* NextRepApp.app */;
			productType = "com.apple.product-type.application";
		};
/* End PBXNativeTarget section */

/* Begin PBXProject section */
		AA000F /* Project object */ = {
			isa = PBXProject;
			attributes = {
				BuildIndependentTargetsInParallel = 1;
				LastSwiftUpdateCheck = 1500;
				LastUpgradeCheck = 1500;
				TargetAttributes = {
					AA000B = {
						CreatedOnToolsVersion = 15.0;
					};
				};
			};
			buildConfigurationList = AA0010 /* Build configuration list for PBXProject "NextRepApp" */;
			compatibilityVersion = "Xcode 14.0";
			developmentRegion = en;
			hasScannedForEncodings = 0;
			knownRegions = (
				en,
				Base,
			);
			mainGroup = AA0008;
			productRefGroup = AA000A /* Products */;
			projectDirPath = "";
			projectRoot = "";
			targets = (
				AA000B /* NextRepApp */,
			);
		};
/* End PBXProject section */

/* Begin PBXResourcesBuildPhase section */
		AA000E /* Resources */ = {
			isa = PBXResourcesBuildPhase;
			buildActionMask = 2147483647;
			files = (
			);
			runOnlyForDeploymentPostprocessing = 0;
		};
/* End PBXResourcesBuildPhase section */

/* Begin PBXSourcesBuildPhase section */
		AA000D /* Sources */ = {
			isa = PBXSourcesBuildPhase;
			buildActionMask = 2147483647;
			files = (
				AA0001 /* NextRepApp.swift in Sources */,
				AA0003 /* ContentView.swift in Sources */,
				AA0015 /* Exercise.swift in Sources */,
				AA0017 /* PlannedExercise.swift in Sources */,
				AA0019 /* ProgramDay.swift in Sources */,
				AA0021 /* Program.swift in Sources */,
				AA0023 /* SetLog.swift in Sources */,
				AA0025 /* ActiveWorkout.swift in Sources */,
				A2250C1A2FE0E17800076C9D /* ProgramHistoryView.swift in Sources */,
				AA0027 /* AppData.swift in Sources */,
				AA0029 /* User.swift in Sources */,
				AA0031 /* LoginRequest.swift in Sources */,
				AA0033 /* KeychainStore.swift in Sources */,
				AA0035 /* APIClient.swift in Sources */,
				AA0044 /* Theme.swift in Sources */,
				AA0046 /* Utils.swift in Sources */,
				AA0048 /* AppStore.swift in Sources */,
				AA0053 /* Catalog.swift in Sources */,
				AA0057 /* ProgramDetailView.swift in Sources */,
				AA0065 /* AuthView.swift in Sources */,
				2DEC39CBA90CAED273D4108C /* Routes.swift in Sources */,
				5C5C9119207350DB7BCEFB42 /* NutritionView.swift in Sources */,
				CBC1C04F1E36F02F5058A5D5 /* DashboardView.swift in Sources */,
				17A7CBF63CC981574A4C8A90 /* SettingsView.swift in Sources */,
				E7889BE66B67D65637AC0812 /* ProgressView.swift in Sources */,
				0CDB48C2044CECDC7B4E2FCD /* TimerView.swift in Sources */,
				9C79DCDA3D62B8CE46524489 /* PeopleView.swift in Sources */,
				6EA1947B79A277EABB91C7A0 /* RootView.swift in Sources */,
				08301902BD5369E69755AFC5 /* MaxTrackerView.swift in Sources */,
				52758D5BF0D4193661DFCD68 /* ExerciseDetailView.swift in Sources */,
				37BFB51655DF5C692BFD42E0 /* ProgramsView.swift in Sources */,
				2FE68272D835D4BF40C5DE69 /* HistoryView.swift in Sources */,
				0174F791D4D85ED2C4C2ED27 /* DayView.swift in Sources */,
				796ABC8931942E52947A56A7 /* ActiveWorkoutSummary.swift in Sources */,
				CAF7FA5DD2C2287C8384DD82 /* ActiveWorkoutView.swift in Sources */,
			);
			runOnlyForDeploymentPostprocessing = 0;
		};
/* End PBXSourcesBuildPhase section */

/* Begin XCBuildConfiguration section */
		AA0011 /* Debug */ = {
			isa = XCBuildConfiguration;
			buildSettings = {
				ALWAYS_SEARCH_USER_PATHS = NO;
				ASSETCATALOG_COMPILER_GENERATE_SWIFT_ASSET_SYMBOL_EXTENSIONS = YES;
				CLANG_ANALYZER_NONNULL = YES;
				CLANG_ANALYZER_NUMBER_OBJECT_CONVERSION = YES_AGGRESSIVE;
				CLANG_CXX_LANGUAGE_STANDARD = "gnu++20";
				CLANG_ENABLE_MODULES = YES;
				CLANG_ENABLE_OBJC_ARC = YES;
				CLANG_ENABLE_OBJC_WEAK = YES;
				CLANG_WARN_BLOCK_CAPTURE_AUTORELEASING = YES;
				CLANG_WARN_BOOL_CONVERSION = YES;
				CLANG_WARN_COMMA = YES;
				CLANG_WARN_CONSTANT_CONVERSION = YES;
				CLANG_WARN_DEPRECATED_OBJC_IMPLEMENTATIONS = YES;
				CLANG_WARN_DIRECT_OBJC_ISA_USAGE = YES_ERROR;
				CLANG_WARN_DOCUMENTATION_COMMENTS = YES;
				CLANG_WARN_EMPTY_BODY = YES;
				CLANG_WARN_ENUM_CONVERSION = YES;
				CLANG_WARN_INFINITE_RECURSION = YES;
				CLANG_WARN_INT_CONVERSION = YES;
				CLANG_WARN_NON_LITERAL_NULL_CONVERSION = YES;
				CLANG_WARN_OBJC_IMPLICIT_RETAIN_SELF = YES;
				CLANG_WARN_OBJC_LITERAL_CONVERSION = YES;
				CLANG_WARN_OBJC_ROOT_CLASS = YES_ERROR;
				CLANG_WARN_QUOTED_INCLUDE_IN_FRAMEWORK_HEADER = YES;
				CLANG_WARN_RANGE_LOOP_ANALYSIS = YES;
				CLANG_WARN_STRICT_PROTOTYPES = YES;
				CLANG_WARN_SUSPICIOUS_MOVE = YES;
				CLANG_WARN_UNGUARDED_AVAILABILITY = YES_AGGRESSIVE;
				CLANG_WARN_UNREACHABLE_CODE = YES;
				CLANG_WARN__DUPLICATE_METHOD_MATCH = YES;
				COPY_PHASE_STRIP = NO;
				DEBUG_INFORMATION_FORMAT = dwarf;
				ENABLE_STRICT_OBJC_MSGSEND = YES;
				ENABLE_TESTABILITY = YES;
				ENABLE_USER_SCRIPT_SANDBOXING = YES;
				GCC_C_LANGUAGE_STANDARD = gnu17;
				GCC_DYNAMIC_NO_PIC = NO;
				GCC_NO_COMMON_BLOCKS = YES;
				GCC_OPTIMIZATION_LEVEL = 0;
				GCC_PREPROCESSOR_DEFINITIONS = (
					"DEBUG=1",
					"$(inherited)",
				);
				GCC_WARN_64_TO_32_BIT_CONVERSION = YES;
				GCC_WARN_ABOUT_RETURN_TYPE = YES_ERROR;
				GCC_WARN_UNDECLARED_SELECTOR = YES;
				GCC_WARN_UNINITIALIZED_AUTOS = YES_AGGRESSIVE;
				GCC_WARN_UNUSED_FUNCTION = YES;
				GCC_WARN_UNUSED_VARIABLE = YES;
				IPHONEOS_DEPLOYMENT_TARGET = 17.0;
				LOCALIZATION_PREFERS_STRING_CATALOGS = YES;
				MTL_ENABLE_DEBUG_INFO = INCLUDE_SOURCE;
				MTL_FAST_MATH = YES;
				ONLY_ACTIVE_ARCH = YES;
				SDKROOT = iphoneos;
				SWIFT_ACTIVE_COMPILATION_CONDITIONS = "DEBUG $(inherited)";
				SWIFT_OPTIMIZATION_LEVEL = "-Onone";
			};
			name = Debug;
		};
		AA0012 /* Release */ = {
			isa = XCBuildConfiguration;
			buildSettings = {
				ALWAYS_SEARCH_USER_PATHS = NO;
				ASSETCATALOG_COMPILER_GENERATE_SWIFT_ASSET_SYMBOL_EXTENSIONS = YES;
				CLANG_ANALYZER_NONNULL = YES;
				CLANG_ANALYZER_NUMBER_OBJECT_CONVERSION = YES_AGGRESSIVE;
				CLANG_CXX_LANGUAGE_STANDARD = "gnu++20";
				CLANG_ENABLE_MODULES = YES;
				CLANG_ENABLE_OBJC_ARC = YES;
				CLANG_ENABLE_OBJC_WEAK = YES;
				CLANG_WARN_BLOCK_CAPTURE_AUTORELEASING = YES;
				CLANG_WARN_BOOL_CONVERSION = YES;
				CLANG_WARN_COMMA = YES;
				CLANG_WARN_CONSTANT_CONVERSION = YES;
				CLANG_WARN_DEPRECATED_OBJC_IMPLEMENTATIONS = YES;
				CLANG_WARN_DIRECT_OBJC_ISA_USAGE = YES_ERROR;
				CLANG_WARN_DOCUMENTATION_COMMENTS = YES;
				CLANG_WARN_EMPTY_BODY = YES;
				CLANG_WARN_ENUM_CONVERSION = YES;
				CLANG_WARN_INFINITE_RECURSION = YES;
				CLANG_WARN_INT_CONVERSION = YES;
				CLANG_WARN_NON_LITERAL_NULL_CONVERSION = YES;
				CLANG_WARN_OBJC_IMPLICIT_RETAIN_SELF = YES;
				CLANG_WARN_OBJC_LITERAL_CONVERSION = YES;
				CLANG_WARN_OBJC_ROOT_CLASS = YES_ERROR;
				CLANG_WARN_QUOTED_INCLUDE_IN_FRAMEWORK_HEADER = YES;
				CLANG_WARN_RANGE_LOOP_ANALYSIS = YES;
				CLANG_WARN_STRICT_PROTOTYPES = YES;
				CLANG_WARN_SUSPICIOUS_MOVE = YES;
				CLANG_WARN_UNGUARDED_AVAILABILITY = YES_AGGRESSIVE;
				CLANG_WARN_UNREACHABLE_CODE = YES;
				CLANG_WARN__DUPLICATE_METHOD_MATCH = YES;
				COPY_PHASE_STRIP = NO;
				DEBUG_INFORMATION_FORMAT = "dwarf-with-dsym";
				ENABLE_NS_ASSERTIONS = NO;
				ENABLE_STRICT_OBJC_MSGSEND = YES;
				ENABLE_USER_SCRIPT_SANDBOXING = YES;
				GCC_C_LANGUAGE_STANDARD = gnu17;
				GCC_NO_COMMON_BLOCKS = YES;
				GCC_WARN_64_TO_32_BIT_CONVERSION = YES;
				GCC_WARN_ABOUT_RETURN_TYPE = YES_ERROR;
				GCC_WARN_UNDECLARED_SELECTOR = YES;
				GCC_WARN_UNINITIALIZED_AUTOS = YES_AGGRESSIVE;
				GCC_WARN_UNUSED_FUNCTION = YES;
				GCC_WARN_UNUSED_VARIABLE = YES;
				IPHONEOS_DEPLOYMENT_TARGET = 17.0;
				LOCALIZATION_PREFERS_STRING_CATALOGS = YES;
				MTL_ENABLE_DEBUG_INFO = NO;
				MTL_FAST_MATH = YES;
				SDKROOT = iphoneos;
				SWIFT_COMPILATION_MODE = wholemodule;
				VALIDATE_PRODUCT = YES;
			};
			name = Release;
		};
		AA0013 /* Debug */ = {
			isa = XCBuildConfiguration;
			buildSettings = {
				ASSETCATALOG_COMPILER_APPICON_NAME = AppIcon;
				ASSETCATALOG_COMPILER_GLOBAL_ACCENT_COLOR_NAME = AccentColor;
				CODE_SIGN_STYLE = Automatic;
				CURRENT_PROJECT_VERSION = 1;
				DEVELOPMENT_TEAM = "";
				GENERATE_INFOPLIST_FILE = NO;
				INFOPLIST_FILE = NextRepApp/Info.plist;
				INFOPLIST_KEY_UIApplicationSceneManifest_Generation = YES;
				INFOPLIST_KEY_UIApplicationSupportsIndirectInputEvents = YES;
				INFOPLIST_KEY_UILaunchScreen_Generation = YES;
				INFOPLIST_KEY_UISupportedInterfaceOrientations = "UIInterfaceOrientationPortrait UIInterfaceOrientationLandscapeLeft UIInterfaceOrientationLandscapeRight";
				INFOPLIST_KEY_UISupportedInterfaceOrientations_iPad = "UIInterfaceOrientationPortrait UIInterfaceOrientationPortraitUpsideDown UIInterfaceOrientationLandscapeLeft UIInterfaceOrientationLandscapeRight";
				LD_RUNPATH_SEARCH_PATHS = (
					"$(inherited)",
					"@executable_path/Frameworks",
				);
				MARKETING_VERSION = 1.0;
				PRODUCT_BUNDLE_IDENTIFIER = com.nextrep.app;
				PRODUCT_NAME = "$(TARGET_NAME)";
				SWIFT_EMIT_LOC_STRINGS = YES;
				SWIFT_VERSION = 5.0;
				TARGETED_DEVICE_FAMILY = "1,2";
			};
			name = Debug;
		};
		AA0014 /* Release */ = {
			isa = XCBuildConfiguration;
			buildSettings = {
				ASSETCATALOG_COMPILER_APPICON_NAME = AppIcon;
				ASSETCATALOG_COMPILER_GLOBAL_ACCENT_COLOR_NAME = AccentColor;
				CODE_SIGN_STYLE = Automatic;
				CURRENT_PROJECT_VERSION = 1;
				DEVELOPMENT_TEAM = "";
				GENERATE_INFOPLIST_FILE = NO;
				INFOPLIST_FILE = NextRepApp/Info.plist;
				INFOPLIST_KEY_UIApplicationSceneManifest_Generation = YES;
				INFOPLIST_KEY_UIApplicationSupportsIndirectInputEvents = YES;
				INFOPLIST_KEY_UILaunchScreen_Generation = YES;
				INFOPLIST_KEY_UISupportedInterfaceOrientations = "UIInterfaceOrientationPortrait UIInterfaceOrientationLandscapeLeft UIInterfaceOrientationLandscapeRight";
				INFOPLIST_KEY_UISupportedInterfaceOrientations_iPad = "UIInterfaceOrientationPortrait UIInterfaceOrientationPortraitUpsideDown UIInterfaceOrientationLandscapeLeft UIInterfaceOrientationLandscapeRight";
				LD_RUNPATH_SEARCH_PATHS = (
					"$(inherited)",
					"@executable_path/Frameworks",
				);
				MARKETING_VERSION = 1.0;
				PRODUCT_BUNDLE_IDENTIFIER = com.nextrep.app;
				PRODUCT_NAME = "$(TARGET_NAME)";
				SWIFT_EMIT_LOC_STRINGS = YES;
				SWIFT_VERSION = 5.0;
				TARGETED_DEVICE_FAMILY = "1,2";
			};
			name = Release;
		};
/* End XCBuildConfiguration section */

/* Begin XCConfigurationList section */
		AA000C /* Build configuration list for PBXNativeTarget "NextRepApp" */ = {
			isa = XCConfigurationList;
			buildConfigurations = (
				AA0013 /* Debug */,
				AA0014 /* Release */,
			);
			defaultConfigurationIsVisible = 0;
			defaultConfigurationName = Release;
		};
		AA0010 /* Build configuration list for PBXProject "NextRepApp" */ = {
			isa = XCConfigurationList;
			buildConfigurations = (
				AA0011 /* Debug */,
				AA0012 /* Release */,
			);
			defaultConfigurationIsVisible = 0;
			defaultConfigurationName = Release;
		};
/* End XCConfigurationList section */
	};
	rootObject = AA000F /* Project object */;
}
