// !$*UTF8*$!
{
	archiveVersion = 1;
	classes = {
	};
	objectVersion = 56;
	objects = {

/* Begin PBXBuildFile section */
		A2250C1A2FE0E17800076C9D /* ProgramHistoryView.swift in Sources */ = {isa = PBXBuildFile; fileRef = A2250C192FE0E17800076C9D /* ProgramHistoryView.swift */; };
		AA0001 /* NextRepApp.swift in Sources */ = {isa = PBXBuildFile; fileRef = AA0002 /* NextRepApp.swift */; };
		AA0003 /* ContentView.swift in Sources */ = {isa = PBXBuildFile; fileRef = AA0004 /* ContentView.swift */; };
		AA0015 /* Exercise.swift in Sources */ = {isa = PBXBuildFile; fileRef = AA0016 /* Exercise.swift */; };
		AA0017 /* PlannedExercise.swift in Sources */ = {isa = PBXBuildFile; fileRef = AA0018 /* PlannedExercise.swift */; };
		AA0019 /* ProgramDay.swift in Sources */ = {isa = PBXBuildFile; fileRef = AA0020 /* ProgramDay.swift */; };
		AA0021 /* Program.swift in Sources */ = {isa = PBXBuildFile; fileRef = AA0022 /* Program.swift */; };
		AA0023 /* SetLog.swift in Sources */ = {isa = PBXBuildFile; fileRef = AA0024 /* SetLog.swift */; };
		AA0025 /* ActiveWorkout.swift in Sources */ = {isa = PBXBuildFile; fileRef = AA0026 /* ActiveWorkout.swift */; };
		AA0027 /* AppData.swift in Sources */ = {isa = PBXBuildFile; fileRef = AA0028 /* AppData.swift */; };
		AA0029 /* User.swift in Sources */ = {isa = PBXBuildFile; fileRef = AA0030 /* User.swift */; };
		AA0031 /* LoginRequest.swift in Sources */ = {isa = PBXBuildFile; fileRef = AA0032 /* LoginRequest.swift */; };
		AA0033 /* KeychainStore.swift in Sources */ = {isa = PBXBuildFile; fileRef = AA0034 /* KeychainStore.swift */; };
		AA0035 /* APIClient.swift in Sources */ = {isa = PBXBuildFile; fileRef = AA0036 /* APIClient.swift */; };
		AA0037 /* AuthFlowView.swift in Sources */ = {isa = PBXBuildFile; fileRef = AA0038 /* AuthFlowView.swift */; };
		AA0039 /* ProgramsListView.swift in Sources */ = {isa = PBXBuildFile; fileRef = AA0040 /* ProgramsListView.swift */; };
		AA0044 /* Theme.swift in Sources */ = {isa = PBXBuildFile; fileRef = AA0045 /* Theme.swift */; };
		AA0046 /* Utils.swift in Sources */ = {isa = PBXBuildFile; fileRef = AA0047 /* Utils.swift */; };
		AA0048 /* AppStore.swift in Sources */ = {isa = PBXBuildFile; fileRef = AA0049 /* AppStore.swift */; };
/* End PBXBuildFile section */

/* Begin PBXFileReference section */
		A2250C192FE0E17800076C9D /* ProgramHistoryView.swift */ = {isa = PBXFileReference; lastKnownFileType = sourcecode.swift; path = ProgramHistoryView.swift; sourceTree = "<group>"; };
		AA0002 /* NextRepApp.swift */ = {isa = PBXFileReference; lastKnownFileType = sourcecode.swift; path = NextRepApp.swift; sourceTree = "<group>"; };
		AA0004 /* ContentView.swift */ = {isa = PBXFileReference; lastKnownFileType = sourcecode.swift; path = ContentView.swift; sourceTree = "<group>"; };
		AA0005 /* Info.plist */ = {isa = PBXFileReference; lastKnownFileType = text.plist.xml; path = Info.plist; sourceTree = "<group>"; };
		AA0006 /* NextRepApp.app */ = {isa = PBXFileReference; explicitFileType = wrapper.application; includeInIndex = 0; path = NextRepApp.app; sourceTree = BUILT_PRODUCTS_DIR; };
		AA0016 /* Exercise.swift */ = {isa = PBXFileReference; lastKnownFileType = sourcecode.swift; path = Exercise.swift; sourceTree = "<group>"; };
		AA0018 /* PlannedExercise.swift */ = {isa = PBXFileReference; lastKnownFileType = sourcecode.swift; path = PlannedExercise.swift; sourceTree = "<group>"; };
		AA0020 /* ProgramDay.swift */ = {isa = PBXFileReference; lastKnownFileType = sourcecode.swift; path = ProgramDay.swift; sourceTree = "<group>"; };
		AA0022 /* Program.swift */ = {isa = PBXFileReference; lastKnownFileType = sourcecode.swift; path = Program.swift; sourceTree = "<group>"; };
		AA0024 /* SetLog.swift */ = {isa = PBXFileReference; lastKnownFileType = sourcecode.swift; path = SetLog.swift; sourceTree = "<group>"; };
		AA0026 /* ActiveWorkout.swift */ = {isa = PBXFileReference; lastKnownFileType = sourcecode.swift; path = ActiveWorkout.swift; sourceTree = "<group>"; };
		AA0028 /* AppData.swift */ = {isa = PBXFileReference; lastKnownFileType = sourcecode.swift; path = AppData.swift; sourceTree = "<group>"; };
		AA0030 /* User.swift */ = {isa = PBXFileReference; lastKnownFileType = sourcecode.swift; path = User.swift; sourceTree = "<group>"; };
		AA0032 /* LoginRequest.swift */ = {isa = PBXFileReference; lastKnownFileType = sourcecode.swift; path = LoginRequest.swift; sourceTree = "<group>"; };
		AA0034 /* KeychainStore.swift */ = {isa = PBXFileReference; lastKnownFileType = sourcecode.swift; path = KeychainStore.swift; sourceTree = "<group>"; };
		AA0036 /* APIClient.swift */ = {isa = PBXFileReference; lastKnownFileType = sourcecode.swift; path = APIClient.swift; sourceTree = "<group>"; };
		AA0038 /* AuthFlowView.swift */ = {isa = PBXFileReference; lastKnownFileType = sourcecode.swift; path = AuthFlowView.swift; sourceTree = "<group>"; };
		AA0040 /* ProgramsListView.swift */ = {isa = PBXFileReference; lastKnownFileType = sourcecode.swift; path = ProgramsListView.swift; sourceTree = "<group>"; };
		AA0045 /* Theme.swift */ = {isa = PBXFileReference; lastKnownFileType = sourcecode.swift; path = NextRepApp/Theme.swift; sourceTree = SOURCE_ROOT; };
		AA0047 /* Utils.swift */ = {isa = PBXFileReference; lastKnownFileType = sourcecode.swift; path = NextRepApp/Utils.swift; sourceTree = SOURCE_ROOT; };
		AA0049 /* AppStore.swift */ = {isa = PBXFileReference; lastKnownFileType = sourcecode.swift; path = NextRepApp/Store/AppStore.swift; sourceTree = SOURCE_ROOT; };
/* End PBXFileReference section */

/* Begin PBXFrameworksBuildPhase section */
		AA0007 /* Frameworks */ = {
			isa = PBXFrameworksBuildPhase;
			buildActionMask = 2147483647;
			files = (
			);
			runOnlyForDeploymentPostprocessing = 0;
		};
/* End PBXFrameworksBuildPhase section */

/* Begin PBXGroup section */
		AA0008 = {
			isa = PBXGroup;
			children = (
				AA0009 /* NextRepApp */,
				AA000A /* Products */,
			);
			sourceTree = "<group>";
		};
		AA0009 /* NextRepApp */ = {
			isa = PBXGroup;
			children = (
				AA0002 /* NextRepApp.swift */,
				AA0004 /* ContentView.swift */,
				AA0045 /* Theme.swift */,
				AA0047 /* Utils.swift */,
				AA0041 /* Models */,
				AA0042 /* Services */,
				AA0050 /* Store */,
				AA0043 /* Views */,
				AA0005 /* Info.plist */,
			);
			path = NextRepApp;
			sourceTree = "<group>";
		};
		AA000A /* Products */ = {
			isa = PBXGroup;
			children = (
				AA0006 /* NextRepApp.app */,
			);
			name = Products;
			sourceTree = "<group>";
		};
		AA0041 /* Models */ = {
			isa = PBXGroup;
			children = (
				AA0016 /* Exercise.swift */,
				AA0018 /* PlannedExercise.swift */,
				AA0020 /* ProgramDay.swift */,
				AA0022 /* Program.swift */,
				AA0024 /* SetLog.swift */,
				AA0026 /* ActiveWorkout.swift */,
				AA0028 /* AppData.swift */,
				AA0030 /* User.swift */,
				AA0032 /* LoginRequest.swift */,
			);
			path = Models;
			sourceTree = "<group>";
		};
		AA0042 /* Services */ = {
			isa = PBXGroup;
			children = (
				AA0034 /* KeychainStore.swift */,
				AA0036 /* APIClient.swift */,
			);
			path = Services;
			sourceTree = "<group>";
		};
		AA0050 /* Store */ = {
			isa = PBXGroup;
			children = (
				AA0049 /* AppStore.swift */,
			);
			path = Store;
			sourceTree = "<group>";
		};
		AA0043 /* Views */ = {
			isa = PBXGroup;
			children = (
				A2250C192FE0E17800076C9D /* ProgramHistoryView.swift */,
				AA0038 /* AuthFlowView.swift */,
				AA0040 /* ProgramsListView.swift */,
			);
			path = Views;
			sourceTree = "<group>";
		};
/* End PBXGroup section */

/* Begin PBXNativeTarget section */
		AA000B /* NextRepApp */ = {
			isa = PBXNativeTarget;
			buildConfigurationList = AA000C /* Build configuration list for PBXNativeTarget "NextRepApp" */;
			buildPhases = (
				AA000D /* Sources */,
				AA0007 /* Frameworks */,
				AA000E /* Resources */,
			);
			buildRules = (
			);
			dependencies = (
			);
			name = NextRepApp;
			productName = NextRepApp;
			productReference = AA0006 /* NextRepApp.app */;
			productType = "com.apple.product-type.application";
		};
/* End PBXNativeTarget section */

/* Begin PBXProject section */
		AA000F /* Project object */ = {
			isa = PBXProject;
			attributes = {
				BuildIndependentTargetsInParallel = 1;
				LastSwiftUpdateCheck = 1500;
				LastUpgradeCheck = 1500;
				TargetAttributes = {
					AA000B = {
						CreatedOnToolsVersion = 15.0;
					};
				};
			};
			buildConfigurationList = AA0010 /* Build configuration list for PBXProject "NextRepApp" */;
			compatibilityVersion = "Xcode 14.0";
			developmentRegion = en;
			hasScannedForEncodings = 0;
			knownRegions = (
				en,
				Base,
			);
			mainGroup = AA0008;
			productRefGroup = AA000A /* Products */;
			projectDirPath = "";
			projectRoot = "";
			targets = (
				AA000B /* NextRepApp */,
			);
		};
/* End PBXProject section */

/* Begin PBXResourcesBuildPhase section */
		AA000E /* Resources */ = {
			isa = PBXResourcesBuildPhase;
			buildActionMask = 2147483647;
			files = (
			);
			runOnlyForDeploymentPostprocessing = 0;
		};
/* End PBXResourcesBuildPhase section */

/* Begin PBXSourcesBuildPhase section */
		AA000D /* Sources */ = {
			isa = PBXSourcesBuildPhase;
			buildActionMask = 2147483647;
			files = (
				AA0001 /* NextRepApp.swift in Sources */,
				AA0003 /* ContentView.swift in Sources */,
				AA0015 /* Exercise.swift in Sources */,
				AA0017 /* PlannedExercise.swift in Sources */,
				AA0019 /* ProgramDay.swift in Sources */,
				AA0021 /* Program.swift in Sources */,
				AA0023 /* SetLog.swift in Sources */,
				AA0025 /* ActiveWorkout.swift in Sources */,
				A2250C1A2FE0E17800076C9D /* ProgramHistoryView.swift in Sources */,
				AA0027 /* AppData.swift in Sources */,
				AA0029 /* User.swift in Sources */,
				AA0031 /* LoginRequest.swift in Sources */,
				AA0033 /* KeychainStore.swift in Sources */,
				AA0035 /* APIClient.swift in Sources */,
				AA0037 /* AuthFlowView.swift in Sources */,
				AA0039 /* ProgramsListView.swift in Sources */,
				AA0044 /* Theme.swift in Sources */,
				AA0046 /* Utils.swift in Sources */,
				AA0048 /* AppStore.swift in Sources */,
			);
			runOnlyForDeploymentPostprocessing = 0;
		};
/* End PBXSourcesBuildPhase section */

/* Begin XCBuildConfiguration section */
		AA0011 /* Debug */ = {
			isa = XCBuildConfiguration;
			buildSettings = {
				ALWAYS_SEARCH_USER_PATHS = NO;
				ASSETCATALOG_COMPILER_GENERATE_SWIFT_ASSET_SYMBOL_EXTENSIONS = YES;
				CLANG_ANALYZER_NONNULL = YES;
				CLANG_ANALYZER_NUMBER_OBJECT_CONVERSION = YES_AGGRESSIVE;
				CLANG_CXX_LANGUAGE_STANDARD = "gnu++20";
				CLANG_ENABLE_MODULES = YES;
				CLANG_ENABLE_OBJC_ARC = YES;
				CLANG_ENABLE_OBJC_WEAK = YES;
				CLANG_WARN_BLOCK_CAPTURE_AUTORELEASING = YES;
				CLANG_WARN_BOOL_CONVERSION = YES;
				CLANG_WARN_COMMA = YES;
				CLANG_WARN_CONSTANT_CONVERSION = YES;
				CLANG_WARN_DEPRECATED_OBJC_IMPLEMENTATIONS = YES;
				CLANG_WARN_DIRECT_OBJC_ISA_USAGE = YES_ERROR;
				CLANG_WARN_DOCUMENTATION_COMMENTS = YES;
				CLANG_WARN_EMPTY_BODY = YES;
				CLANG_WARN_ENUM_CONVERSION = YES;
				CLANG_WARN_INFINITE_RECURSION = YES;
				CLANG_WARN_INT_CONVERSION = YES;
				CLANG_WARN_NON_LITERAL_NULL_CONVERSION = YES;
				CLANG_WARN_OBJC_IMPLICIT_RETAIN_SELF = YES;
				CLANG_WARN_OBJC_LITERAL_CONVERSION = YES;
				CLANG_WARN_OBJC_ROOT_CLASS = YES_ERROR;
				CLANG_WARN_QUOTED_INCLUDE_IN_FRAMEWORK_HEADER = YES;
				CLANG_WARN_RANGE_LOOP_ANALYSIS = YES;
				CLANG_WARN_STRICT_PROTOTYPES = YES;
				CLANG_WARN_SUSPICIOUS_MOVE = YES;
				CLANG_WARN_UNGUARDED_AVAILABILITY = YES_AGGRESSIVE;
				CLANG_WARN_UNREACHABLE_CODE = YES;
				CLANG_WARN__DUPLICATE_METHOD_MATCH = YES;
				COPY_PHASE_STRIP = NO;
				DEBUG_INFORMATION_FORMAT = dwarf;
				ENABLE_STRICT_OBJC_MSGSEND = YES;
				ENABLE_TESTABILITY = YES;
				ENABLE_USER_SCRIPT_SANDBOXING = YES;
				GCC_C_LANGUAGE_STANDARD = gnu17;
				GCC_DYNAMIC_NO_PIC = NO;
				GCC_NO_COMMON_BLOCKS = YES;
				GCC_OPTIMIZATION_LEVEL = 0;
				GCC_PREPROCESSOR_DEFINITIONS = (
					"DEBUG=1",
					"$(inherited)",
				);
				GCC_WARN_64_TO_32_BIT_CONVERSION = YES;
				GCC_WARN_ABOUT_RETURN_TYPE = YES_ERROR;
				GCC_WARN_UNDECLARED_SELECTOR = YES;
				GCC_WARN_UNINITIALIZED_AUTOS = YES_AGGRESSIVE;
				GCC_WARN_UNUSED_FUNCTION = YES;
				GCC_WARN_UNUSED_VARIABLE = YES;
				IPHONEOS_DEPLOYMENT_TARGET = 17.0;
				LOCALIZATION_PREFERS_STRING_CATALOGS = YES;
				MTL_ENABLE_DEBUG_INFO = INCLUDE_SOURCE;
				MTL_FAST_MATH = YES;
				ONLY_ACTIVE_ARCH = YES;
				SDKROOT = iphoneos;
				SWIFT_ACTIVE_COMPILATION_CONDITIONS = "DEBUG $(inherited)";
				SWIFT_OPTIMIZATION_LEVEL = "-Onone";
			};
			name = Debug;
		};
		AA0012 /* Release */ = {
			isa = XCBuildConfiguration;
			buildSettings = {
				ALWAYS_SEARCH_USER_PATHS = NO;
				ASSETCATALOG_COMPILER_GENERATE_SWIFT_ASSET_SYMBOL_EXTENSIONS = YES;
				CLANG_ANALYZER_NONNULL = YES;
				CLANG_ANALYZER_NUMBER_OBJECT_CONVERSION = YES_AGGRESSIVE;
				CLANG_CXX_LANGUAGE_STANDARD = "gnu++20";
				CLANG_ENABLE_MODULES = YES;
				CLANG_ENABLE_OBJC_ARC = YES;
				CLANG_ENABLE_OBJC_WEAK = YES;
				CLANG_WARN_BLOCK_CAPTURE_AUTORELEASING = YES;
				CLANG_WARN_BOOL_CONVERSION = YES;
				CLANG_WARN_COMMA = YES;
				CLANG_WARN_CONSTANT_CONVERSION = YES;
				CLANG_WARN_DEPRECATED_OBJC_IMPLEMENTATIONS = YES;
				CLANG_WARN_DIRECT_OBJC_ISA_USAGE = YES_ERROR;
				CLANG_WARN_DOCUMENTATION_COMMENTS = YES;
				CLANG_WARN_EMPTY_BODY = YES;
				CLANG_WARN_ENUM_CONVERSION = YES;
				CLANG_WARN_INFINITE_RECURSION = YES;
				CLANG_WARN_INT_CONVERSION = YES;
				CLANG_WARN_NON_LITERAL_NULL_CONVERSION = YES;
				CLANG_WARN_OBJC_IMPLICIT_RETAIN_SELF = YES;
				CLANG_WARN_OBJC_LITERAL_CONVERSION = YES;
				CLANG_WARN_OBJC_ROOT_CLASS = YES_ERROR;
				CLANG_WARN_QUOTED_INCLUDE_IN_FRAMEWORK_HEADER = YES;
				CLANG_WARN_RANGE_LOOP_ANALYSIS = YES;
				CLANG_WARN_STRICT_PROTOTYPES = YES;
				CLANG_WARN_SUSPICIOUS_MOVE = YES;
				CLANG_WARN_UNGUARDED_AVAILABILITY = YES_AGGRESSIVE;
				CLANG_WARN_UNREACHABLE_CODE = YES;
				CLANG_WARN__DUPLICATE_METHOD_MATCH = YES;
				COPY_PHASE_STRIP = NO;
				DEBUG_INFORMATION_FORMAT = "dwarf-with-dsym";
				ENABLE_NS_ASSERTIONS = NO;
				ENABLE_STRICT_OBJC_MSGSEND = YES;
				ENABLE_USER_SCRIPT_SANDBOXING = YES;
				GCC_C_LANGUAGE_STANDARD = gnu17;
				GCC_NO_COMMON_BLOCKS = YES;
				GCC_WARN_64_TO_32_BIT_CONVERSION = YES;
				GCC_WARN_ABOUT_RETURN_TYPE = YES_ERROR;
				GCC_WARN_UNDECLARED_SELECTOR = YES;
				GCC_WARN_UNINITIALIZED_AUTOS = YES_AGGRESSIVE;
				GCC_WARN_UNUSED_FUNCTION = YES;
				GCC_WARN_UNUSED_VARIABLE = YES;
				IPHONEOS_DEPLOYMENT_TARGET = 17.0;
				LOCALIZATION_PREFERS_STRING_CATALOGS = YES;
				MTL_ENABLE_DEBUG_INFO = NO;
				MTL_FAST_MATH = YES;
				SDKROOT = iphoneos;
				SWIFT_COMPILATION_MODE = wholemodule;
				VALIDATE_PRODUCT = YES;
			};
			name = Release;
		};
		AA0013 /* Debug */ = {
			isa = XCBuildConfiguration;
			buildSettings = {
				ASSETCATALOG_COMPILER_APPICON_NAME = AppIcon;
				ASSETCATALOG_COMPILER_GLOBAL_ACCENT_COLOR_NAME = AccentColor;
				CODE_SIGN_STYLE = Automatic;
				CURRENT_PROJECT_VERSION = 1;
				DEVELOPMENT_TEAM = "";
				GENERATE_INFOPLIST_FILE = NO;
				INFOPLIST_FILE = NextRepApp/Info.plist;
				INFOPLIST_KEY_UIApplicationSceneManifest_Generation = YES;
				INFOPLIST_KEY_UIApplicationSupportsIndirectInputEvents = YES;
				INFOPLIST_KEY_UILaunchScreen_Generation = YES;
				INFOPLIST_KEY_UISupportedInterfaceOrientations = "UIInterfaceOrientationPortrait UIInterfaceOrientationLandscapeLeft UIInterfaceOrientationLandscapeRight";
				INFOPLIST_KEY_UISupportedInterfaceOrientations_iPad = "UIInterfaceOrientationPortrait UIInterfaceOrientationPortraitUpsideDown UIInterfaceOrientationLandscapeLeft UIInterfaceOrientationLandscapeRight";
				LD_RUNPATH_SEARCH_PATHS = (
					"$(inherited)",
					"@executable_path/Frameworks",
				);
				MARKETING_VERSION = 1.0;
				PRODUCT_BUNDLE_IDENTIFIER = com.nextrep.app;
				PRODUCT_NAME = "$(TARGET_NAME)";
				SWIFT_EMIT_LOC_STRINGS = YES;
				SWIFT_VERSION = 5.0;
				TARGETED_DEVICE_FAMILY = "1,2";
			};
			name = Debug;
		};
		AA0014 /* Release */ = {
			isa = XCBuildConfiguration;
			buildSettings = {
				ASSETCATALOG_COMPILER_APPICON_NAME = AppIcon;
				ASSETCATALOG_COMPILER_GLOBAL_ACCENT_COLOR_NAME = AccentColor;
				CODE_SIGN_STYLE = Automatic;
				CURRENT_PROJECT_VERSION = 1;
				DEVELOPMENT_TEAM = "";
				GENERATE_INFOPLIST_FILE = NO;
				INFOPLIST_FILE = NextRepApp/Info.plist;
				INFOPLIST_KEY_UIApplicationSceneManifest_Generation = YES;
				INFOPLIST_KEY_UIApplicationSupportsIndirectInputEvents = YES;
				INFOPLIST_KEY_UILaunchScreen_Generation = YES;
				INFOPLIST_KEY_UISupportedInterfaceOrientations = "UIInterfaceOrientationPortrait UIInterfaceOrientationLandscapeLeft UIInterfaceOrientationLandscapeRight";
				INFOPLIST_KEY_UISupportedInterfaceOrientations_iPad = "UIInterfaceOrientationPortrait UIInterfaceOrientationPortraitUpsideDown UIInterfaceOrientationLandscapeLeft UIInterfaceOrientationLandscapeRight";
				LD_RUNPATH_SEARCH_PATHS = (
					"$(inherited)",
					"@executable_path/Frameworks",
				);
				MARKETING_VERSION = 1.0;
				PRODUCT_BUNDLE_IDENTIFIER = com.nextrep.app;
				PRODUCT_NAME = "$(TARGET_NAME)";
				SWIFT_EMIT_LOC_STRINGS = YES;
				SWIFT_VERSION = 5.0;
				TARGETED_DEVICE_FAMILY = "1,2";
			};
			name = Release;
		};
/* End XCBuildConfiguration section */

/* Begin XCConfigurationList section */
		AA000C /* Build configuration list for PBXNativeTarget "NextRepApp" */ = {
			isa = XCConfigurationList;
			buildConfigurations = (
				AA0013 /* Debug */,
				AA0014 /* Release */,
			);
			defaultConfigurationIsVisible = 0;
			defaultConfigurationName = Release;
		};
		AA0010 /* Build configuration list for PBXProject "NextRepApp" */ = {
			isa = XCConfigurationList;
			buildConfigurations = (
				AA0011 /* Debug */,
				AA0012 /* Release */,
			);
			defaultConfigurationIsVisible = 0;
			defaultConfigurationName = Release;
		};
/* End XCConfigurationList section */
	};
	rootObject = AA000F /* Project object */;
}
